
Microsoft Visual Studio Solution File, Format Version 12.00
# Visual Studio 15
VisualStudioVersion = 15.0.28307.168
MinimumVisualStudioVersion = 10.0.40219.1
Project("{9A19103F-16F7-4668-BE54-9A1E7A4F7556}") = "BootstrapLayoutTool.Kentico.MVC.Core", "BootstrapLayoutTool.Kentico.MVC.Core.csproj", "{1353E432-011D-4F65-8F02-70BB6F6E0A9C}"
EndProject
Global
	GlobalSection(SolutionConfigurationPlatforms) = preSolution
		Debug|Any CPU = Debug|Any CPU
		Release|Any CPU = Release|Any CPU
	EndGlobalSection
	GlobalSection(ProjectConfigurationPlatforms) = postSolution
		{1353E432-011D-4F65-8F02-70BB6F6E0A9C}.Debug|Any CPU.ActiveCfg = Debug|Any CPU
		{1353E432-011D-4F65-8F02-70BB6F6E0A9C}.Debug|Any CPU.Build.0 = Debug|Any CPU
		{1353E432-011D-4F65-8F02-70BB6F6E0A9C}.Release|Any CPU.ActiveCfg = Release|Any CPU
		{1353E432-011D-4F65-8F02-70BB6F6E0A9C}.Release|Any CPU.Build.0 = Release|Any CPU
	EndGlobalSection
	GlobalSection(SolutionProperties) = preSolution
		HideSolutionNode = FALSE
	EndGlobalSection
	GlobalSection(ExtensibilityGlobals) = postSolution
		SolutionGuid = {40464263-440E-463B-9871-C7A6FB743F8D}
	EndGlobalSection
EndGlobal
