
Microsoft Visual Studio Solution File, Format Version 12.00
# Visual Studio Version 16
VisualStudioVersion = 16.0.31205.134
MinimumVisualStudioVersion = 10.0.40219.1
Project("{9A19103F-16F7-4668-BE54-9A1E7A4F7556}") = "BootstrapLayoutTool.Kentico.MVC.Core.Transition", "BootstrapLayoutTool.Kentico.MVC.Core.Transition.csproj", "{820953F0-DF21-4432-B0C5-071C5509BBB5}"
EndProject
Global
	GlobalSection(SolutionConfigurationPlatforms) = preSolution
		Debug|Any CPU = Debug|Any CPU
		Release|Any CPU = Release|Any CPU
	EndGlobalSection
	GlobalSection(ProjectConfigurationPlatforms) = postSolution
		{820953F0-DF21-4432-B0C5-071C5509BBB5}.Debug|Any CPU.ActiveCfg = Debug|Any CPU
		{820953F0-DF21-4432-B0C5-071C5509BBB5}.Debug|Any CPU.Build.0 = Debug|Any CPU
		{820953F0-DF21-4432-B0C5-071C5509BBB5}.Release|Any CPU.ActiveCfg = Release|Any CPU
		{820953F0-DF21-4432-B0C5-071C5509BBB5}.Release|Any CPU.Build.0 = Release|Any CPU
	EndGlobalSection
	GlobalSection(SolutionProperties) = preSolution
		HideSolutionNode = FALSE
	EndGlobalSection
	GlobalSection(ExtensibilityGlobals) = postSolution
		SolutionGuid = {8E6C3914-9698-4841-AF87-D0754F86C604}
	EndGlobalSection
EndGlobal
