
Microsoft Visual Studio Solution File, Format Version 12.00
# Visual Studio 15
VisualStudioVersion = 15.0.28307.168
MinimumVisualStudioVersion = 10.0.40219.1
Project("{FAE04EC0-301F-11D3-BF4B-00C04F79EFBC}") = "BootstrapLayoutTool", "BootstrapLayoutTool.csproj", "{A014DAA1-1881-4FB0-B83D-67BEE60F98A5}"
EndProject
Global
	GlobalSection(SolutionConfigurationPlatforms) = preSolution
		Debug|Any CPU = Debug|Any CPU
		Release|Any CPU = Release|Any CPU
	EndGlobalSection
	GlobalSection(ProjectConfigurationPlatforms) = postSolution
		{A014DAA1-1881-4FB0-B83D-67BEE60F98A5}.Debug|Any CPU.ActiveCfg = Debug|Any CPU
		{A014DAA1-1881-4FB0-B83D-67BEE60F98A5}.Debug|Any CPU.Build.0 = Debug|Any CPU
		{A014DAA1-1881-4FB0-B83D-67BEE60F98A5}.Release|Any CPU.ActiveCfg = Release|Any CPU
		{A014DAA1-1881-4FB0-B83D-67BEE60F98A5}.Release|Any CPU.Build.0 = Release|Any CPU
	EndGlobalSection
	GlobalSection(SolutionProperties) = preSolution
		HideSolutionNode = FALSE
	EndGlobalSection
	GlobalSection(ExtensibilityGlobals) = postSolution
		SolutionGuid = {2244932C-B397-49BD-9B23-7D3F56857303}
	EndGlobalSection
EndGlobal
